
Microsoft Visual Studio Solution File, Format Version 12.00
# Visual Studio Version 16
VisualStudioVersion = 16.0.29609.76
MinimumVisualStudioVersion = 10.0.40219.1
Project("{FAE04EC0-301F-11D3-BF4B-00C04F79EFBC}") = "CodefreshDemo", "CodefreshDemo\CodefreshDemo.csproj", "{0DB7666D-1F44-43EA-A9FF-3D186B3DC46C}"
EndProject
Global
	GlobalSection(SolutionConfigurationPlatforms) = preSolution
		Debug|Any CPU = Debug|Any CPU
		Release|Any CPU = Release|Any CPU
	EndGlobalSection
	GlobalSection(ProjectConfigurationPlatforms) = postSolution
		{0DB7666D-1F44-43EA-A9FF-3D186B3DC46C}.Debug|Any CPU.ActiveCfg = Debug|Any CPU
		{0DB7666D-1F44-43EA-A9FF-3D186B3DC46C}.Debug|Any CPU.Build.0 = Debug|Any CPU
		{0DB7666D-1F44-43EA-A9FF-3D186B3DC46C}.Release|Any CPU.ActiveCfg = Release|Any CPU
		{0DB7666D-1F44-43EA-A9FF-3D186B3DC46C}.Release|Any CPU.Build.0 = Release|Any CPU
	EndGlobalSection
	GlobalSection(SolutionProperties) = preSolution
		HideSolutionNode = FALSE
	EndGlobalSection
	GlobalSection(ExtensibilityGlobals) = postSolution
		SolutionGuid = {18795CD0-9864-4846-9D6B-BBA52F86E082}
	EndGlobalSection
EndGlobal
